// !$*UTF8*$!
{
	archiveVersion = 1;
	classes = {
	};
	objectVersion = 56;
	objects = {

/* Begin PBXBuildFile section */
		851A70922B8EBE820009A488 /* MELIApp.swift in Sources */ = {isa = PBXBuildFile; fileRef = 851A70912B8EBE820009A488 /* MELIApp.swift */; };
		851A70942B8EBE820009A488 /* ContentView.swift in Sources */ = {isa = PBXBuildFile; fileRef = 851A70932B8EBE820009A488 /* ContentView.swift */; };
		851A70962B8EBE830009A488 /* Assets.xcassets in Resources */ = {isa = PBXBuildFile; fileRef = 851A70952B8EBE830009A488 /* Assets.xcassets */; };
		851A70992B8EBE830009A488 /* Preview Assets.xcassets in Resources */ = {isa = PBXBuildFile; fileRef = 851A70982B8EBE830009A488 /* Preview Assets.xcassets */; };
		851A709B2B8EBE830009A488 /* Persistence.swift in Sources */ = {isa = PBXBuildFile; fileRef = 851A709A2B8EBE830009A488 /* Persistence.swift */; };
		851A709E2B8EBE830009A488 /* MELI.xcdatamodeld in Sources */ = {isa = PBXBuildFile; fileRef = 851A709C2B8EBE830009A488 /* MELI.xcdatamodeld */; };
		851A70A82B8EBE830009A488 /* MELITests.swift in Sources */ = {isa = PBXBuildFile; fileRef = 851A70A72B8EBE830009A488 /* MELITests.swift */; };
		851A70B22B8EBE830009A488 /* MELIUITests.swift in Sources */ = {isa = PBXBuildFile; fileRef = 851A70B12B8EBE830009A488 /* MELIUITests.swift */; };
		851A70B42B8EBE830009A488 /* MELIUITestsLaunchTests.swift in Sources */ = {isa = PBXBuildFile; fileRef = 851A70B32B8EBE830009A488 /* MELIUITestsLaunchTests.swift */; };
		851A70C22B8EBFDA0009A488 /* WelcomeView.swift in Sources */ = {isa = PBXBuildFile; fileRef = 851A70C12B8EBFDA0009A488 /* WelcomeView.swift */; };
		851A70CD2B8ED5610009A488 /* SitesModel.swift in Sources */ = {isa = PBXBuildFile; fileRef = 851A70CC2B8ED5610009A488 /* SitesModel.swift */; };
		851A70CE2B8ED5610009A488 /* SitesModel.swift in Sources */ = {isa = PBXBuildFile; fileRef = 851A70CC2B8ED5610009A488 /* SitesModel.swift */; };
		851A70D22B8ED8430009A488 /* DownloadingImageView.swift in Sources */ = {isa = PBXBuildFile; fileRef = 851A70D12B8ED8430009A488 /* DownloadingImageView.swift */; };
		851A70D32B8ED8430009A488 /* DownloadingImageView.swift in Sources */ = {isa = PBXBuildFile; fileRef = 851A70D12B8ED8430009A488 /* DownloadingImageView.swift */; };
		851A70D62B8ED87B0009A488 /* ImageLoadingViewModel.swift in Sources */ = {isa = PBXBuildFile; fileRef = 851A70D52B8ED87B0009A488 /* ImageLoadingViewModel.swift */; };
		851A70D72B8ED87B0009A488 /* ImageLoadingViewModel.swift in Sources */ = {isa = PBXBuildFile; fileRef = 851A70D52B8ED87B0009A488 /* ImageLoadingViewModel.swift */; };
		851A70D92B8ED8BD0009A488 /* PhotoModelCacheManager.swift in Sources */ = {isa = PBXBuildFile; fileRef = 851A70D82B8ED8BD0009A488 /* PhotoModelCacheManager.swift */; };
		851A70DA2B8ED8BD0009A488 /* PhotoModelCacheManager.swift in Sources */ = {isa = PBXBuildFile; fileRef = 851A70D82B8ED8BD0009A488 /* PhotoModelCacheManager.swift */; };
		851A70DE2B8ED9E80009A488 /* WelcomeViewModel.swift in Sources */ = {isa = PBXBuildFile; fileRef = 851A70DD2B8ED9E80009A488 /* WelcomeViewModel.swift */; };
		851A70DF2B8ED9E80009A488 /* WelcomeViewModel.swift in Sources */ = {isa = PBXBuildFile; fileRef = 851A70DD2B8ED9E80009A488 /* WelcomeViewModel.swift */; };
		851A70E32B8EDA700009A488 /* WelcomeServices.swift in Sources */ = {isa = PBXBuildFile; fileRef = 851A70E22B8EDA700009A488 /* WelcomeServices.swift */; };
		851A70E42B8EDA700009A488 /* WelcomeServices.swift in Sources */ = {isa = PBXBuildFile; fileRef = 851A70E22B8EDA700009A488 /* WelcomeServices.swift */; };
		851A70E82B8EDB370009A488 /* NetworkErrorHandler.swift in Sources */ = {isa = PBXBuildFile; fileRef = 851A70E72B8EDB370009A488 /* NetworkErrorHandler.swift */; };
		851A70E92B8EDB370009A488 /* NetworkErrorHandler.swift in Sources */ = {isa = PBXBuildFile; fileRef = 851A70E72B8EDB370009A488 /* NetworkErrorHandler.swift */; };
		851A70EB2B8EDDC20009A488 /* API.swift in Sources */ = {isa = PBXBuildFile; fileRef = 851A70EA2B8EDDC20009A488 /* API.swift */; };
		851A70EC2B8EDDC20009A488 /* API.swift in Sources */ = {isa = PBXBuildFile; fileRef = 851A70EA2B8EDDC20009A488 /* API.swift */; };
		851A70EE2B8EDE1D0009A488 /* Date+Extension.swift in Sources */ = {isa = PBXBuildFile; fileRef = 851A70ED2B8EDE1D0009A488 /* Date+Extension.swift */; };
		851A70EF2B8EDE1D0009A488 /* Date+Extension.swift in Sources */ = {isa = PBXBuildFile; fileRef = 851A70ED2B8EDE1D0009A488 /* Date+Extension.swift */; };
		851A70F22B8EE2350009A488 /* NetworkRouter.swift in Sources */ = {isa = PBXBuildFile; fileRef = 851A70F12B8EE2350009A488 /* NetworkRouter.swift */; };
		851A70F32B8EE2350009A488 /* NetworkRouter.swift in Sources */ = {isa = PBXBuildFile; fileRef = 851A70F12B8EE2350009A488 /* NetworkRouter.swift */; };
		851A70F62B8EE2730009A488 /* WelcomeRouter.swift in Sources */ = {isa = PBXBuildFile; fileRef = 851A70F52B8EE2730009A488 /* WelcomeRouter.swift */; };
		851A70F72B8EE2730009A488 /* WelcomeRouter.swift in Sources */ = {isa = PBXBuildFile; fileRef = 851A70F52B8EE2730009A488 /* WelcomeRouter.swift */; };
		851A70F92B8EEC8E0009A488 /* InAppNotificationsView.swift in Sources */ = {isa = PBXBuildFile; fileRef = 851A70F82B8EEC8E0009A488 /* InAppNotificationsView.swift */; };
		851A70FB2B8EECC00009A488 /* CustomNotificationView.swift in Sources */ = {isa = PBXBuildFile; fileRef = 851A70FA2B8EECC00009A488 /* CustomNotificationView.swift */; };
		851A70FD2B8EED9B0009A488 /* InAppNotificationsViewModel.swift in Sources */ = {isa = PBXBuildFile; fileRef = 851A70FC2B8EED9B0009A488 /* InAppNotificationsViewModel.swift */; };
		851A70FE2B8EED9B0009A488 /* InAppNotificationsViewModel.swift in Sources */ = {isa = PBXBuildFile; fileRef = 851A70FC2B8EED9B0009A488 /* InAppNotificationsViewModel.swift */; };
		851A71002B8EEDD30009A488 /* InAppNotificationModel.swift in Sources */ = {isa = PBXBuildFile; fileRef = 851A70FF2B8EEDD30009A488 /* InAppNotificationModel.swift */; };
		851A71012B8EEDD30009A488 /* InAppNotificationModel.swift in Sources */ = {isa = PBXBuildFile; fileRef = 851A70FF2B8EEDD30009A488 /* InAppNotificationModel.swift */; };
		851A71042B8EFDE10009A488 /* SearchBarView.swift in Sources */ = {isa = PBXBuildFile; fileRef = 851A71032B8EFDE10009A488 /* SearchBarView.swift */; };
		851A71052B8EFDE10009A488 /* SearchBarView.swift in Sources */ = {isa = PBXBuildFile; fileRef = 851A71032B8EFDE10009A488 /* SearchBarView.swift */; };
		857D7A762B91245D00702C77 /* LoadingView.swift in Sources */ = {isa = PBXBuildFile; fileRef = 857D7A752B91245D00702C77 /* LoadingView.swift */; };
		857D7A792B9177FA00702C77 /* ItemDetailView.swift in Sources */ = {isa = PBXBuildFile; fileRef = 857D7A782B9177FA00702C77 /* ItemDetailView.swift */; };
		857D7A7D2B917B1B00702C77 /* ItemDetailViewModel.swift in Sources */ = {isa = PBXBuildFile; fileRef = 857D7A7C2B917B1B00702C77 /* ItemDetailViewModel.swift */; };
		85DB133B2B8FFD3400715E1C /* SearchBarViewModel.swift in Sources */ = {isa = PBXBuildFile; fileRef = 85DB133A2B8FFD3400715E1C /* SearchBarViewModel.swift */; };
		85DB133C2B8FFD3400715E1C /* SearchBarViewModel.swift in Sources */ = {isa = PBXBuildFile; fileRef = 85DB133A2B8FFD3400715E1C /* SearchBarViewModel.swift */; };
		85DB133E2B8FFD8500715E1C /* MainAppRouter.swift in Sources */ = {isa = PBXBuildFile; fileRef = 85DB133D2B8FFD8500715E1C /* MainAppRouter.swift */; };
		85DB133F2B8FFD8500715E1C /* MainAppRouter.swift in Sources */ = {isa = PBXBuildFile; fileRef = 85DB133D2B8FFD8500715E1C /* MainAppRouter.swift */; };
		85DB13412B90005100715E1C /* MainAppService.swift in Sources */ = {isa = PBXBuildFile; fileRef = 85DB13402B90005100715E1C /* MainAppService.swift */; };
		85DB13422B90005100715E1C /* MainAppService.swift in Sources */ = {isa = PBXBuildFile; fileRef = 85DB13402B90005100715E1C /* MainAppService.swift */; };
		85DB13442B90010600715E1C /* SearchItemsModel.swift in Sources */ = {isa = PBXBuildFile; fileRef = 85DB13432B90010600715E1C /* SearchItemsModel.swift */; };
		85DB13452B90010600715E1C /* SearchItemsModel.swift in Sources */ = {isa = PBXBuildFile; fileRef = 85DB13432B90010600715E1C /* SearchItemsModel.swift */; };
		85DB134C2B90323400715E1C /* Manrope-SemiBold.ttf in Resources */ = {isa = PBXBuildFile; fileRef = 85DB13472B90323300715E1C /* Manrope-SemiBold.ttf */; };
		85DB134D2B90323400715E1C /* Manrope-Medium.ttf in Resources */ = {isa = PBXBuildFile; fileRef = 85DB13482B90323400715E1C /* Manrope-Medium.ttf */; };
		85DB134E2B90323400715E1C /* Manrope-Bold.ttf in Resources */ = {isa = PBXBuildFile; fileRef = 85DB13492B90323400715E1C /* Manrope-Bold.ttf */; };
		85DB134F2B90323400715E1C /* Manrope-Regular.ttf in Resources */ = {isa = PBXBuildFile; fileRef = 85DB134A2B90323400715E1C /* Manrope-Regular.ttf */; };
		85DB13502B90323400715E1C /* Manrope-ExtraLight.ttf in Resources */ = {isa = PBXBuildFile; fileRef = 85DB134B2B90323400715E1C /* Manrope-ExtraLight.ttf */; };
		85DB13532B9032E600715E1C /* Font+Extension.swift in Sources */ = {isa = PBXBuildFile; fileRef = 85DB13522B9032E600715E1C /* Font+Extension.swift */; };
/* End PBXBuildFile section */

/* Begin PBXContainerItemProxy section */
		851A70A42B8EBE830009A488 /* PBXContainerItemProxy */ = {
			isa = PBXContainerItemProxy;
			containerPortal = 851A70862B8EBE820009A488 /* Project object */;
			proxyType = 1;
			remoteGlobalIDString = 851A708D2B8EBE820009A488;
			remoteInfo = MELI;
		};
		851A70AE2B8EBE830009A488 /* PBXContainerItemProxy */ = {
			isa = PBXContainerItemProxy;
			containerPortal = 851A70862B8EBE820009A488 /* Project object */;
			proxyType = 1;
			remoteGlobalIDString = 851A708D2B8EBE820009A488;
			remoteInfo = MELI;
		};
/* End PBXContainerItemProxy section */

/* Begin PBXFileReference section */
		851A708E2B8EBE820009A488 /* MELI.app */ = {isa = PBXFileReference; explicitFileType = wrapper.application; includeInIndex = 0; path = MELI.app; sourceTree = BUILT_PRODUCTS_DIR; };
		851A70912B8EBE820009A488 /* MELIApp.swift */ = {isa = PBXFileReference; lastKnownFileType = sourcecode.swift; path = MELIApp.swift; sourceTree = "<group>"; };
		851A70932B8EBE820009A488 /* ContentView.swift */ = {isa = PBXFileReference; lastKnownFileType = sourcecode.swift; path = ContentView.swift; sourceTree = "<group>"; };
		851A70952B8EBE830009A488 /* Assets.xcassets */ = {isa = PBXFileReference; lastKnownFileType = folder.assetcatalog; path = Assets.xcassets; sourceTree = "<group>"; };
		851A70982B8EBE830009A488 /* Preview Assets.xcassets */ = {isa = PBXFileReference; lastKnownFileType = folder.assetcatalog; path = "Preview Assets.xcassets"; sourceTree = "<group>"; };
		851A709A2B8EBE830009A488 /* Persistence.swift */ = {isa = PBXFileReference; lastKnownFileType = sourcecode.swift; path = Persistence.swift; sourceTree = "<group>"; };
		851A709D2B8EBE830009A488 /* MELI.xcdatamodel */ = {isa = PBXFileReference; lastKnownFileType = wrapper.xcdatamodel; path = MELI.xcdatamodel; sourceTree = "<group>"; };
		851A70A32B8EBE830009A488 /* MELITests.xctest */ = {isa = PBXFileReference; explicitFileType = wrapper.cfbundle; includeInIndex = 0; path = MELITests.xctest; sourceTree = BUILT_PRODUCTS_DIR; };
		851A70A72B8EBE830009A488 /* MELITests.swift */ = {isa = PBXFileReference; lastKnownFileType = sourcecode.swift; path = MELITests.swift; sourceTree = "<group>"; };
		851A70AD2B8EBE830009A488 /* MELIUITests.xctest */ = {isa = PBXFileReference; explicitFileType = wrapper.cfbundle; includeInIndex = 0; path = MELIUITests.xctest; sourceTree = BUILT_PRODUCTS_DIR; };
		851A70B12B8EBE830009A488 /* MELIUITests.swift */ = {isa = PBXFileReference; lastKnownFileType = sourcecode.swift; path = MELIUITests.swift; sourceTree = "<group>"; };
		851A70B32B8EBE830009A488 /* MELIUITestsLaunchTests.swift */ = {isa = PBXFileReference; lastKnownFileType = sourcecode.swift; path = MELIUITestsLaunchTests.swift; sourceTree = "<group>"; };
		851A70C12B8EBFDA0009A488 /* WelcomeView.swift */ = {isa = PBXFileReference; lastKnownFileType = sourcecode.swift; path = WelcomeView.swift; sourceTree = "<group>"; };
		851A70CC2B8ED5610009A488 /* SitesModel.swift */ = {isa = PBXFileReference; lastKnownFileType = sourcecode.swift; path = SitesModel.swift; sourceTree = "<group>"; };
		851A70D12B8ED8430009A488 /* DownloadingImageView.swift */ = {isa = PBXFileReference; fileEncoding = 4; lastKnownFileType = sourcecode.swift; path = DownloadingImageView.swift; sourceTree = "<group>"; };
		851A70D52B8ED87B0009A488 /* ImageLoadingViewModel.swift */ = {isa = PBXFileReference; fileEncoding = 4; lastKnownFileType = sourcecode.swift; path = ImageLoadingViewModel.swift; sourceTree = "<group>"; };
		851A70D82B8ED8BD0009A488 /* PhotoModelCacheManager.swift */ = {isa = PBXFileReference; fileEncoding = 4; lastKnownFileType = sourcecode.swift; path = PhotoModelCacheManager.swift; sourceTree = "<group>"; };
		851A70DD2B8ED9E80009A488 /* WelcomeViewModel.swift */ = {isa = PBXFileReference; lastKnownFileType = sourcecode.swift; path = WelcomeViewModel.swift; sourceTree = "<group>"; };
		851A70E22B8EDA700009A488 /* WelcomeServices.swift */ = {isa = PBXFileReference; lastKnownFileType = sourcecode.swift; path = WelcomeServices.swift; sourceTree = "<group>"; };
		851A70E72B8EDB370009A488 /* NetworkErrorHandler.swift */ = {isa = PBXFileReference; lastKnownFileType = sourcecode.swift; path = NetworkErrorHandler.swift; sourceTree = "<group>"; };
		851A70EA2B8EDDC20009A488 /* API.swift */ = {isa = PBXFileReference; lastKnownFileType = sourcecode.swift; path = API.swift; sourceTree = "<group>"; };
		851A70ED2B8EDE1D0009A488 /* Date+Extension.swift */ = {isa = PBXFileReference; lastKnownFileType = sourcecode.swift; path = "Date+Extension.swift"; sourceTree = "<group>"; };
		851A70F12B8EE2350009A488 /* NetworkRouter.swift */ = {isa = PBXFileReference; lastKnownFileType = sourcecode.swift; path = NetworkRouter.swift; sourceTree = "<group>"; };
		851A70F52B8EE2730009A488 /* WelcomeRouter.swift */ = {isa = PBXFileReference; lastKnownFileType = sourcecode.swift; path = WelcomeRouter.swift; sourceTree = "<group>"; };
		851A70F82B8EEC8E0009A488 /* InAppNotificationsView.swift */ = {isa = PBXFileReference; lastKnownFileType = sourcecode.swift; path = InAppNotificationsView.swift; sourceTree = "<group>"; };
		851A70FA2B8EECC00009A488 /* CustomNotificationView.swift */ = {isa = PBXFileReference; lastKnownFileType = sourcecode.swift; path = CustomNotificationView.swift; sourceTree = "<group>"; };
		851A70FC2B8EED9B0009A488 /* InAppNotificationsViewModel.swift */ = {isa = PBXFileReference; lastKnownFileType = sourcecode.swift; path = InAppNotificationsViewModel.swift; sourceTree = "<group>"; };
		851A70FF2B8EEDD30009A488 /* InAppNotificationModel.swift */ = {isa = PBXFileReference; lastKnownFileType = sourcecode.swift; path = InAppNotificationModel.swift; sourceTree = "<group>"; };
		851A71032B8EFDE10009A488 /* SearchBarView.swift */ = {isa = PBXFileReference; lastKnownFileType = sourcecode.swift; path = SearchBarView.swift; sourceTree = "<group>"; };
		857D7A752B91245D00702C77 /* LoadingView.swift */ = {isa = PBXFileReference; lastKnownFileType = sourcecode.swift; path = LoadingView.swift; sourceTree = "<group>"; };
		857D7A782B9177FA00702C77 /* ItemDetailView.swift */ = {isa = PBXFileReference; lastKnownFileType = sourcecode.swift; path = ItemDetailView.swift; sourceTree = "<group>"; };
		857D7A7C2B917B1B00702C77 /* ItemDetailViewModel.swift */ = {isa = PBXFileReference; lastKnownFileType = sourcecode.swift; path = ItemDetailViewModel.swift; sourceTree = "<group>"; };
		85DB133A2B8FFD3400715E1C /* SearchBarViewModel.swift */ = {isa = PBXFileReference; lastKnownFileType = sourcecode.swift; path = SearchBarViewModel.swift; sourceTree = "<group>"; };
		85DB133D2B8FFD8500715E1C /* MainAppRouter.swift */ = {isa = PBXFileReference; lastKnownFileType = sourcecode.swift; path = MainAppRouter.swift; sourceTree = "<group>"; };
		85DB13402B90005100715E1C /* MainAppService.swift */ = {isa = PBXFileReference; lastKnownFileType = sourcecode.swift; path = MainAppService.swift; sourceTree = "<group>"; };
		85DB13432B90010600715E1C /* SearchItemsModel.swift */ = {isa = PBXFileReference; lastKnownFileType = sourcecode.swift; path = SearchItemsModel.swift; sourceTree = "<group>"; };
		85DB13472B90323300715E1C /* Manrope-SemiBold.ttf */ = {isa = PBXFileReference; lastKnownFileType = file; path = "Manrope-SemiBold.ttf"; sourceTree = "<group>"; };
		85DB13482B90323400715E1C /* Manrope-Medium.ttf */ = {isa = PBXFileReference; lastKnownFileType = file; path = "Manrope-Medium.ttf"; sourceTree = "<group>"; };
		85DB13492B90323400715E1C /* Manrope-Bold.ttf */ = {isa = PBXFileReference; lastKnownFileType = file; path = "Manrope-Bold.ttf"; sourceTree = "<group>"; };
		85DB134A2B90323400715E1C /* Manrope-Regular.ttf */ = {isa = PBXFileReference; lastKnownFileType = file; path = "Manrope-Regular.ttf"; sourceTree = "<group>"; };
		85DB134B2B90323400715E1C /* Manrope-ExtraLight.ttf */ = {isa = PBXFileReference; lastKnownFileType = file; path = "Manrope-ExtraLight.ttf"; sourceTree = "<group>"; };
		85DB13512B90325000715E1C /* Info.plist */ = {isa = PBXFileReference; lastKnownFileType = text.plist; path = Info.plist; sourceTree = "<group>"; };
		85DB13522B9032E600715E1C /* Font+Extension.swift */ = {isa = PBXFileReference; lastKnownFileType = sourcecode.swift; path = "Font+Extension.swift"; sourceTree = "<group>"; };
/* End PBXFileReference section */

/* Begin PBXFrameworksBuildPhase section */
		851A708B2B8EBE820009A488 /* Frameworks */ = {
			isa = PBXFrameworksBuildPhase;
			buildActionMask = 2147483647;
			files = (
			);
			runOnlyForDeploymentPostprocessing = 0;
		};
		851A70A02B8EBE830009A488 /* Frameworks */ = {
			isa = PBXFrameworksBuildPhase;
			buildActionMask = 2147483647;
			files = (
			);
			runOnlyForDeploymentPostprocessing = 0;
		};
		851A70AA2B8EBE830009A488 /* Frameworks */ = {
			isa = PBXFrameworksBuildPhase;
			buildActionMask = 2147483647;
			files = (
			);
			runOnlyForDeploymentPostprocessing = 0;
		};
/* End PBXFrameworksBuildPhase section */

/* Begin PBXGroup section */
		851A70852B8EBE820009A488 = {
			isa = PBXGroup;
			children = (
				851A70902B8EBE820009A488 /* MELI */,
				851A70A62B8EBE830009A488 /* MELITests */,
				851A70B02B8EBE830009A488 /* MELIUITests */,
				851A708F2B8EBE820009A488 /* Products */,
			);
			sourceTree = "<group>";
		};
		851A708F2B8EBE820009A488 /* Products */ = {
			isa = PBXGroup;
			children = (
				851A708E2B8EBE820009A488 /* MELI.app */,
				851A70A32B8EBE830009A488 /* MELITests.xctest */,
				851A70AD2B8EBE830009A488 /* MELIUITests.xctest */,
			);
			name = Products;
			sourceTree = "<group>";
		};
		851A70902B8EBE820009A488 /* MELI */ = {
			isa = PBXGroup;
			children = (
				85DB13512B90325000715E1C /* Info.plist */,
				851A70C42B8EC2E40009A488 /* App */,
				851A70C02B8EBF140009A488 /* Views */,
				851A70D42B8ED8540009A488 /* ViewModel */,
				851A70CB2B8ED5410009A488 /* Model */,
				851A70E02B8EDA290009A488 /* Networking */,
				851A70C52B8ED3420009A488 /* Manager */,
				851A70C82B8ED43F0009A488 /* Extension */,
				851A70C32B8EC2D90009A488 /* Resources */,
				851A70972B8EBE830009A488 /* Preview Content */,
			);
			path = MELI;
			sourceTree = "<group>";
		};
		851A70972B8EBE830009A488 /* Preview Content */ = {
			isa = PBXGroup;
			children = (
				851A70982B8EBE830009A488 /* Preview Assets.xcassets */,
			);
			path = "Preview Content";
			sourceTree = "<group>";
		};
		851A70A62B8EBE830009A488 /* MELITests */ = {
			isa = PBXGroup;
			children = (
				851A70A72B8EBE830009A488 /* MELITests.swift */,
			);
			path = MELITests;
			sourceTree = "<group>";
		};
		851A70B02B8EBE830009A488 /* MELIUITests */ = {
			isa = PBXGroup;
			children = (
				851A70B12B8EBE830009A488 /* MELIUITests.swift */,
				851A70B32B8EBE830009A488 /* MELIUITestsLaunchTests.swift */,
			);
			path = MELIUITests;
			sourceTree = "<group>";
		};
		851A70C02B8EBF140009A488 /* Views */ = {
			isa = PBXGroup;
			children = (
				857D7A772B9177E800702C77 /* ItemDetail */,
				851A71022B8EFDCA0009A488 /* SearchBar */,
				851A70D02B8ED81F0009A488 /* Utils */,
				851A70CF2B8ED81A0009A488 /* Welcome */,
				851A70932B8EBE820009A488 /* ContentView.swift */,
			);
			path = Views;
			sourceTree = "<group>";
		};
		851A70C32B8EC2D90009A488 /* Resources */ = {
			isa = PBXGroup;
			children = (
				85DB13462B9031FF00715E1C /* Fonts */,
				851A709A2B8EBE830009A488 /* Persistence.swift */,
				851A70952B8EBE830009A488 /* Assets.xcassets */,
			);
			path = Resources;
			sourceTree = "<group>";
		};
		851A70C42B8EC2E40009A488 /* App */ = {
			isa = PBXGroup;
			children = (
				851A70912B8EBE820009A488 /* MELIApp.swift */,
				851A709C2B8EBE830009A488 /* MELI.xcdatamodeld */,
			);
			path = App;
			sourceTree = "<group>";
		};
		851A70C52B8ED3420009A488 /* Manager */ = {
			isa = PBXGroup;
			children = (
				851A70D82B8ED8BD0009A488 /* PhotoModelCacheManager.swift */,
			);
			path = Manager;
			sourceTree = "<group>";
		};
		851A70C82B8ED43F0009A488 /* Extension */ = {
			isa = PBXGroup;
			children = (
				851A70ED2B8EDE1D0009A488 /* Date+Extension.swift */,
				85DB13522B9032E600715E1C /* Font+Extension.swift */,
			);
			path = Extension;
			sourceTree = "<group>";
		};
		851A70CB2B8ED5410009A488 /* Model */ = {
			isa = PBXGroup;
			children = (
				851A70F02B8EE2230009A488 /* Networking */,
				851A70E52B8EDAF30009A488 /* Welcome */,
				851A70CC2B8ED5610009A488 /* SitesModel.swift */,
				851A70FF2B8EEDD30009A488 /* InAppNotificationModel.swift */,
				85DB13432B90010600715E1C /* SearchItemsModel.swift */,
			);
			path = Model;
			sourceTree = "<group>";
		};
		851A70CF2B8ED81A0009A488 /* Welcome */ = {
			isa = PBXGroup;
			children = (
				851A70C12B8EBFDA0009A488 /* WelcomeView.swift */,
			);
			path = Welcome;
			sourceTree = "<group>";
		};
		851A70D02B8ED81F0009A488 /* Utils */ = {
			isa = PBXGroup;
			children = (
				851A70D12B8ED8430009A488 /* DownloadingImageView.swift */,
				851A70F82B8EEC8E0009A488 /* InAppNotificationsView.swift */,
				851A70FA2B8EECC00009A488 /* CustomNotificationView.swift */,
				857D7A752B91245D00702C77 /* LoadingView.swift */,
			);
			path = Utils;
			sourceTree = "<group>";
		};
		851A70D42B8ED8540009A488 /* ViewModel */ = {
			isa = PBXGroup;
			children = (
				857D7A7A2B917AFC00702C77 /* ItemDetail */,
				85DB13392B8FFD1300715E1C /* SearchBar */,
				851A70DB2B8ED9CD0009A488 /* Utils */,
				851A70DC2B8ED9D60009A488 /* Welcome */,
			);
			path = ViewModel;
			sourceTree = "<group>";
		};
		851A70DB2B8ED9CD0009A488 /* Utils */ = {
			isa = PBXGroup;
			children = (
				851A70D52B8ED87B0009A488 /* ImageLoadingViewModel.swift */,
				851A70FC2B8EED9B0009A488 /* InAppNotificationsViewModel.swift */,
			);
			path = Utils;
			sourceTree = "<group>";
		};
		851A70DC2B8ED9D60009A488 /* Welcome */ = {
			isa = PBXGroup;
			children = (
				851A70DD2B8ED9E80009A488 /* WelcomeViewModel.swift */,
			);
			path = Welcome;
			sourceTree = "<group>";
		};
		851A70E02B8EDA290009A488 /* Networking */ = {
			isa = PBXGroup;
			children = (
				851A70F42B8EE2590009A488 /* Router */,
				851A70E12B8EDA4F0009A488 /* Services */,
				851A70E72B8EDB370009A488 /* NetworkErrorHandler.swift */,
				851A70EA2B8EDDC20009A488 /* API.swift */,
			);
			path = Networking;
			sourceTree = "<group>";
		};
		851A70E12B8EDA4F0009A488 /* Services */ = {
			isa = PBXGroup;
			children = (
				851A70E22B8EDA700009A488 /* WelcomeServices.swift */,
				85DB13402B90005100715E1C /* MainAppService.swift */,
			);
			path = Services;
			sourceTree = "<group>";
		};
		851A70E52B8EDAF30009A488 /* Welcome */ = {
			isa = PBXGroup;
			children = (
			);
			path = Welcome;
			sourceTree = "<group>";
		};
		851A70F02B8EE2230009A488 /* Networking */ = {
			isa = PBXGroup;
			children = (
				851A70F12B8EE2350009A488 /* NetworkRouter.swift */,
			);
			path = Networking;
			sourceTree = "<group>";
		};
		851A70F42B8EE2590009A488 /* Router */ = {
			isa = PBXGroup;
			children = (
				851A70F52B8EE2730009A488 /* WelcomeRouter.swift */,
				85DB133D2B8FFD8500715E1C /* MainAppRouter.swift */,
			);
			path = Router;
			sourceTree = "<group>";
		};
		851A71022B8EFDCA0009A488 /* SearchBar */ = {
			isa = PBXGroup;
			children = (
				851A71032B8EFDE10009A488 /* SearchBarView.swift */,
			);
			path = SearchBar;
			sourceTree = "<group>";
		};
		857D7A772B9177E800702C77 /* ItemDetail */ = {
			isa = PBXGroup;
			children = (
				857D7A782B9177FA00702C77 /* ItemDetailView.swift */,
			);
			path = ItemDetail;
			sourceTree = "<group>";
		};
		857D7A7A2B917AFC00702C77 /* ItemDetail */ = {
			isa = PBXGroup;
			children = (
				857D7A7C2B917B1B00702C77 /* ItemDetailViewModel.swift */,
			);
			path = ItemDetail;
			sourceTree = "<group>";
		};
		85DB13392B8FFD1300715E1C /* SearchBar */ = {
			isa = PBXGroup;
			children = (
				85DB133A2B8FFD3400715E1C /* SearchBarViewModel.swift */,
			);
			path = SearchBar;
			sourceTree = "<group>";
		};
		85DB13462B9031FF00715E1C /* Fonts */ = {
			isa = PBXGroup;
			children = (
				85DB13492B90323400715E1C /* Manrope-Bold.ttf */,
				85DB134B2B90323400715E1C /* Manrope-ExtraLight.ttf */,
				85DB13482B90323400715E1C /* Manrope-Medium.ttf */,
				85DB134A2B90323400715E1C /* Manrope-Regular.ttf */,
				85DB13472B90323300715E1C /* Manrope-SemiBold.ttf */,
			);
			path = Fonts;
			sourceTree = "<group>";
		};
/* End PBXGroup section */

/* Begin PBXNativeTarget section */
		851A708D2B8EBE820009A488 /* MELI */ = {
			isa = PBXNativeTarget;
			buildConfigurationList = 851A70B72B8EBE830009A488 /* Build configuration list for PBXNativeTarget "MELI" */;
			buildPhases = (
				851A708A2B8EBE820009A488 /* Sources */,
				851A708B2B8EBE820009A488 /* Frameworks */,
				851A708C2B8EBE820009A488 /* Resources */,
			);
			buildRules = (
			);
			dependencies = (
			);
			name = MELI;
			productName = MELI;
			productReference = 851A708E2B8EBE820009A488 /* MELI.app */;
			productType = "com.apple.product-type.application";
		};
		851A70A22B8EBE830009A488 /* MELITests */ = {
			isa = PBXNativeTarget;
			buildConfigurationList = 851A70BA2B8EBE830009A488 /* Build configuration list for PBXNativeTarget "MELITests" */;
			buildPhases = (
				851A709F2B8EBE830009A488 /* Sources */,
				851A70A02B8EBE830009A488 /* Frameworks */,
				851A70A12B8EBE830009A488 /* Resources */,
			);
			buildRules = (
			);
			dependencies = (
				851A70A52B8EBE830009A488 /* PBXTargetDependency */,
			);
			name = MELITests;
			productName = MELITests;
			productReference = 851A70A32B8EBE830009A488 /* MELITests.xctest */;
			productType = "com.apple.product-type.bundle.unit-test";
		};
		851A70AC2B8EBE830009A488 /* MELIUITests */ = {
			isa = PBXNativeTarget;
			buildConfigurationList = 851A70BD2B8EBE830009A488 /* Build configuration list for PBXNativeTarget "MELIUITests" */;
			buildPhases = (
				851A70A92B8EBE830009A488 /* Sources */,
				851A70AA2B8EBE830009A488 /* Frameworks */,
				851A70AB2B8EBE830009A488 /* Resources */,
			);
			buildRules = (
			);
			dependencies = (
				851A70AF2B8EBE830009A488 /* PBXTargetDependency */,
			);
			name = MELIUITests;
			productName = MELIUITests;
			productReference = 851A70AD2B8EBE830009A488 /* MELIUITests.xctest */;
			productType = "com.apple.product-type.bundle.ui-testing";
		};
/* End PBXNativeTarget section */

/* Begin PBXProject section */
		851A70862B8EBE820009A488 /* Project object */ = {
			isa = PBXProject;
			attributes = {
				BuildIndependentTargetsInParallel = 1;
				LastSwiftUpdateCheck = 1520;
				LastUpgradeCheck = 1520;
				TargetAttributes = {
					851A708D2B8EBE820009A488 = {
						CreatedOnToolsVersion = 15.2;
					};
					851A70A22B8EBE830009A488 = {
						CreatedOnToolsVersion = 15.2;
						TestTargetID = 851A708D2B8EBE820009A488;
					};
					851A70AC2B8EBE830009A488 = {
						CreatedOnToolsVersion = 15.2;
						TestTargetID = 851A708D2B8EBE820009A488;
					};
				};
			};
			buildConfigurationList = 851A70892B8EBE820009A488 /* Build configuration list for PBXProject "MELI" */;
			compatibilityVersion = "Xcode 14.0";
			developmentRegion = en;
			hasScannedForEncodings = 0;
			knownRegions = (
				en,
				Base,
			);
			mainGroup = 851A70852B8EBE820009A488;
			productRefGroup = 851A708F2B8EBE820009A488 /* Products */;
			projectDirPath = "";
			projectRoot = "";
			targets = (
				851A708D2B8EBE820009A488 /* MELI */,
				851A70A22B8EBE830009A488 /* MELITests */,
				851A70AC2B8EBE830009A488 /* MELIUITests */,
			);
		};
/* End PBXProject section */

/* Begin PBXResourcesBuildPhase section */
		851A708C2B8EBE820009A488 /* Resources */ = {
			isa = PBXResourcesBuildPhase;
			buildActionMask = 2147483647;
			files = (
				851A70992B8EBE830009A488 /* Preview Assets.xcassets in Resources */,
				85DB134E2B90323400715E1C /* Manrope-Bold.ttf in Resources */,
				85DB134F2B90323400715E1C /* Manrope-Regular.ttf in Resources */,
				85DB134C2B90323400715E1C /* Manrope-SemiBold.ttf in Resources */,
				85DB134D2B90323400715E1C /* Manrope-Medium.ttf in Resources */,
				85DB13502B90323400715E1C /* Manrope-ExtraLight.ttf in Resources */,
				851A70962B8EBE830009A488 /* Assets.xcassets in Resources */,
			);
			runOnlyForDeploymentPostprocessing = 0;
		};
		851A70A12B8EBE830009A488 /* Resources */ = {
			isa = PBXResourcesBuildPhase;
			buildActionMask = 2147483647;
			files = (
			);
			runOnlyForDeploymentPostprocessing = 0;
		};
		851A70AB2B8EBE830009A488 /* Resources */ = {
			isa = PBXResourcesBuildPhase;
			buildActionMask = 2147483647;
			files = (
			);
			runOnlyForDeploymentPostprocessing = 0;
		};
/* End PBXResourcesBuildPhase section */

/* Begin PBXSourcesBuildPhase section */
		851A708A2B8EBE820009A488 /* Sources */ = {
			isa = PBXSourcesBuildPhase;
			buildActionMask = 2147483647;
			files = (
				851A70C22B8EBFDA0009A488 /* WelcomeView.swift in Sources */,
				851A70DE2B8ED9E80009A488 /* WelcomeViewModel.swift in Sources */,
				851A70F22B8EE2350009A488 /* NetworkRouter.swift in Sources */,
				851A71002B8EEDD30009A488 /* InAppNotificationModel.swift in Sources */,
				851A70E82B8EDB370009A488 /* NetworkErrorHandler.swift in Sources */,
				851A70D22B8ED8430009A488 /* DownloadingImageView.swift in Sources */,
				851A709E2B8EBE830009A488 /* MELI.xcdatamodeld in Sources */,
				851A70D62B8ED87B0009A488 /* ImageLoadingViewModel.swift in Sources */,
				857D7A762B91245D00702C77 /* LoadingView.swift in Sources */,
				851A70CD2B8ED5610009A488 /* SitesModel.swift in Sources */,
				857D7A7D2B917B1B00702C77 /* ItemDetailViewModel.swift in Sources */,
				851A709B2B8EBE830009A488 /* Persistence.swift in Sources */,
				85DB13532B9032E600715E1C /* Font+Extension.swift in Sources */,
				85DB133B2B8FFD3400715E1C /* SearchBarViewModel.swift in Sources */,
				851A71042B8EFDE10009A488 /* SearchBarView.swift in Sources */,
				851A70EB2B8EDDC20009A488 /* API.swift in Sources */,
				851A70942B8EBE820009A488 /* ContentView.swift in Sources */,
				857D7A792B9177FA00702C77 /* ItemDetailView.swift in Sources */,
				85DB13412B90005100715E1C /* MainAppService.swift in Sources */,
				851A70F62B8EE2730009A488 /* WelcomeRouter.swift in Sources */,
				85DB13442B90010600715E1C /* SearchItemsModel.swift in Sources */,
				851A70D92B8ED8BD0009A488 /* PhotoModelCacheManager.swift in Sources */,
				851A70EE2B8EDE1D0009A488 /* Date+Extension.swift in Sources */,
				851A70922B8EBE820009A488 /* MELIApp.swift in Sources */,
				851A70FD2B8EED9B0009A488 /* InAppNotificationsViewModel.swift in Sources */,
				851A70F92B8EEC8E0009A488 /* InAppNotificationsView.swift in Sources */,
				85DB133E2B8FFD8500715E1C /* MainAppRouter.swift in Sources */,
				851A70FB2B8EECC00009A488 /* CustomNotificationView.swift in Sources */,
				851A70E32B8EDA700009A488 /* WelcomeServices.swift in Sources */,
			);
			runOnlyForDeploymentPostprocessing = 0;
		};
		851A709F2B8EBE830009A488 /* Sources */ = {
			isa = PBXSourcesBuildPhase;
			buildActionMask = 2147483647;
			files = (
				851A70D32B8ED8430009A488 /* DownloadingImageView.swift in Sources */,
				851A70F32B8EE2350009A488 /* NetworkRouter.swift in Sources */,
				85DB13422B90005100715E1C /* MainAppService.swift in Sources */,
				851A70DF2B8ED9E80009A488 /* WelcomeViewModel.swift in Sources */,
				851A70F72B8EE2730009A488 /* WelcomeRouter.swift in Sources */,
				851A70E92B8EDB370009A488 /* NetworkErrorHandler.swift in Sources */,
				851A71012B8EEDD30009A488 /* InAppNotificationModel.swift in Sources */,
				851A70FE2B8EED9B0009A488 /* InAppNotificationsViewModel.swift in Sources */,
				851A70CE2B8ED5610009A488 /* SitesModel.swift in Sources */,
				851A70DA2B8ED8BD0009A488 /* PhotoModelCacheManager.swift in Sources */,
				851A70EF2B8EDE1D0009A488 /* Date+Extension.swift in Sources */,
				85DB133C2B8FFD3400715E1C /* SearchBarViewModel.swift in Sources */,
				851A71052B8EFDE10009A488 /* SearchBarView.swift in Sources */,
				85DB13452B90010600715E1C /* SearchItemsModel.swift in Sources */,
				851A70A82B8EBE830009A488 /* MELITests.swift in Sources */,
				851A70E42B8EDA700009A488 /* WelcomeServices.swift in Sources */,
				851A70EC2B8EDDC20009A488 /* API.swift in Sources */,
				85DB133F2B8FFD8500715E1C /* MainAppRouter.swift in Sources */,
				851A70D72B8ED87B0009A488 /* ImageLoadingViewModel.swift in Sources */,
			);
			runOnlyForDeploymentPostprocessing = 0;
		};
		851A70A92B8EBE830009A488 /* Sources */ = {
			isa = PBXSourcesBuildPhase;
			buildActionMask = 2147483647;
			files = (
				851A70B22B8EBE830009A488 /* MELIUITests.swift in Sources */,
				851A70B42B8EBE830009A488 /* MELIUITestsLaunchTests.swift in Sources */,
			);
			runOnlyForDeploymentPostprocessing = 0;
		};
/* End PBXSourcesBuildPhase section */

/* Begin PBXTargetDependency section */
		851A70A52B8EBE830009A488 /* PBXTargetDependency */ = {
			isa = PBXTargetDependency;
			target = 851A708D2B8EBE820009A488 /* MELI */;
			targetProxy = 851A70A42B8EBE830009A488 /* PBXContainerItemProxy */;
		};
		851A70AF2B8EBE830009A488 /* PBXTargetDependency */ = {
			isa = PBXTargetDependency;
			target = 851A708D2B8EBE820009A488 /* MELI */;
			targetProxy = 851A70AE2B8EBE830009A488 /* PBXContainerItemProxy */;
		};
/* End PBXTargetDependency section */

/* Begin XCBuildConfiguration section */
		851A70B52B8EBE830009A488 /* Debug */ = {
			isa = XCBuildConfiguration;
			buildSettings = {
				ALWAYS_SEARCH_USER_PATHS = NO;
				ASSETCATALOG_COMPILER_GENERATE_SWIFT_ASSET_SYMBOL_EXTENSIONS = YES;
				CLANG_ANALYZER_NONNULL = YES;
				CLANG_ANALYZER_NUMBER_OBJECT_CONVERSION = YES_AGGRESSIVE;
				CLANG_CXX_LANGUAGE_STANDARD = "gnu++20";
				CLANG_ENABLE_MODULES = YES;
				CLANG_ENABLE_OBJC_ARC = YES;
				CLANG_ENABLE_OBJC_WEAK = YES;
				CLANG_WARN_BLOCK_CAPTURE_AUTORELEASING = YES;
				CLANG_WARN_BOOL_CONVERSION = YES;
				CLANG_WARN_COMMA = YES;
				CLANG_WARN_CONSTANT_CONVERSION = YES;
				CLANG_WARN_DEPRECATED_OBJC_IMPLEMENTATIONS = YES;
				CLANG_WARN_DIRECT_OBJC_ISA_USAGE = YES_ERROR;
				CLANG_WARN_DOCUMENTATION_COMMENTS = YES;
				CLANG_WARN_EMPTY_BODY = YES;
				CLANG_WARN_ENUM_CONVERSION = YES;
				CLANG_WARN_INFINITE_RECURSION = YES;
				CLANG_WARN_INT_CONVERSION = YES;
				CLANG_WARN_NON_LITERAL_NULL_CONVERSION = YES;
				CLANG_WARN_OBJC_IMPLICIT_RETAIN_SELF = YES;
				CLANG_WARN_OBJC_LITERAL_CONVERSION = YES;
				CLANG_WARN_OBJC_ROOT_CLASS = YES_ERROR;
				CLANG_WARN_QUOTED_INCLUDE_IN_FRAMEWORK_HEADER = YES;
				CLANG_WARN_RANGE_LOOP_ANALYSIS = YES;
				CLANG_WARN_STRICT_PROTOTYPES = YES;
				CLANG_WARN_SUSPICIOUS_MOVE = YES;
				CLANG_WARN_UNGUARDED_AVAILABILITY = YES_AGGRESSIVE;
				CLANG_WARN_UNREACHABLE_CODE = YES;
				CLANG_WARN__DUPLICATE_METHOD_MATCH = YES;
				COPY_PHASE_STRIP = NO;
				DEBUG_INFORMATION_FORMAT = dwarf;
				ENABLE_STRICT_OBJC_MSGSEND = YES;
				ENABLE_TESTABILITY = YES;
				ENABLE_USER_SCRIPT_SANDBOXING = YES;
				GCC_C_LANGUAGE_STANDARD = gnu17;
				GCC_DYNAMIC_NO_PIC = NO;
				GCC_NO_COMMON_BLOCKS = YES;
				GCC_OPTIMIZATION_LEVEL = 0;
				GCC_PREPROCESSOR_DEFINITIONS = (
					"DEBUG=1",
					"$(inherited)",
				);
				GCC_WARN_64_TO_32_BIT_CONVERSION = YES;
				GCC_WARN_ABOUT_RETURN_TYPE = YES_ERROR;
				GCC_WARN_UNDECLARED_SELECTOR = YES;
				GCC_WARN_UNINITIALIZED_AUTOS = YES_AGGRESSIVE;
				GCC_WARN_UNUSED_FUNCTION = YES;
				GCC_WARN_UNUSED_VARIABLE = YES;
				IPHONEOS_DEPLOYMENT_TARGET = 17.2;
				LOCALIZATION_PREFERS_STRING_CATALOGS = YES;
				MTL_ENABLE_DEBUG_INFO = INCLUDE_SOURCE;
				MTL_FAST_MATH = YES;
				ONLY_ACTIVE_ARCH = YES;
				SDKROOT = iphoneos;
				SWIFT_ACTIVE_COMPILATION_CONDITIONS = "DEBUG $(inherited)";
				SWIFT_OPTIMIZATION_LEVEL = "-Onone";
			};
			name = Debug;
		};
		851A70B62B8EBE830009A488 /* Release */ = {
			isa = XCBuildConfiguration;
			buildSettings = {
				ALWAYS_SEARCH_USER_PATHS = NO;
				ASSETCATALOG_COMPILER_GENERATE_SWIFT_ASSET_SYMBOL_EXTENSIONS = YES;
				CLANG_ANALYZER_NONNULL = YES;
				CLANG_ANALYZER_NUMBER_OBJECT_CONVERSION = YES_AGGRESSIVE;
				CLANG_CXX_LANGUAGE_STANDARD = "gnu++20";
				CLANG_ENABLE_MODULES = YES;
				CLANG_ENABLE_OBJC_ARC = YES;
				CLANG_ENABLE_OBJC_WEAK = YES;
				CLANG_WARN_BLOCK_CAPTURE_AUTORELEASING = YES;
				CLANG_WARN_BOOL_CONVERSION = YES;
				CLANG_WARN_COMMA = YES;
				CLANG_WARN_CONSTANT_CONVERSION = YES;
				CLANG_WARN_DEPRECATED_OBJC_IMPLEMENTATIONS = YES;
				CLANG_WARN_DIRECT_OBJC_ISA_USAGE = YES_ERROR;
				CLANG_WARN_DOCUMENTATION_COMMENTS = YES;
				CLANG_WARN_EMPTY_BODY = YES;
				CLANG_WARN_ENUM_CONVERSION = YES;
				CLANG_WARN_INFINITE_RECURSION = YES;
				CLANG_WARN_INT_CONVERSION = YES;
				CLANG_WARN_NON_LITERAL_NULL_CONVERSION = YES;
				CLANG_WARN_OBJC_IMPLICIT_RETAIN_SELF = YES;
				CLANG_WARN_OBJC_LITERAL_CONVERSION = YES;
				CLANG_WARN_OBJC_ROOT_CLASS = YES_ERROR;
				CLANG_WARN_QUOTED_INCLUDE_IN_FRAMEWORK_HEADER = YES;
				CLANG_WARN_RANGE_LOOP_ANALYSIS = YES;
				CLANG_WARN_STRICT_PROTOTYPES = YES;
				CLANG_WARN_SUSPICIOUS_MOVE = YES;
				CLANG_WARN_UNGUARDED_AVAILABILITY = YES_AGGRESSIVE;
				CLANG_WARN_UNREACHABLE_CODE = YES;
				CLANG_WARN__DUPLICATE_METHOD_MATCH = YES;
				COPY_PHASE_STRIP = NO;
				DEBUG_INFORMATION_FORMAT = "dwarf-with-dsym";
				ENABLE_NS_ASSERTIONS = NO;
				ENABLE_STRICT_OBJC_MSGSEND = YES;
				ENABLE_USER_SCRIPT_SANDBOXING = YES;
				GCC_C_LANGUAGE_STANDARD = gnu17;
				GCC_NO_COMMON_BLOCKS = YES;
				GCC_WARN_64_TO_32_BIT_CONVERSION = YES;
				GCC_WARN_ABOUT_RETURN_TYPE = YES_ERROR;
				GCC_WARN_UNDECLARED_SELECTOR = YES;
				GCC_WARN_UNINITIALIZED_AUTOS = YES_AGGRESSIVE;
				GCC_WARN_UNUSED_FUNCTION = YES;
				GCC_WARN_UNUSED_VARIABLE = YES;
				IPHONEOS_DEPLOYMENT_TARGET = 17.2;
				LOCALIZATION_PREFERS_STRING_CATALOGS = YES;
				MTL_ENABLE_DEBUG_INFO = NO;
				MTL_FAST_MATH = YES;
				SDKROOT = iphoneos;
				SWIFT_COMPILATION_MODE = wholemodule;
				VALIDATE_PRODUCT = YES;
			};
			name = Release;
		};
		851A70B82B8EBE830009A488 /* Debug */ = {
			isa = XCBuildConfiguration;
			buildSettings = {
				ASSETCATALOG_COMPILER_APPICON_NAME = AppIcon;
				ASSETCATALOG_COMPILER_GLOBAL_ACCENT_COLOR_NAME = AccentColor;
				CODE_SIGN_STYLE = Automatic;
				CURRENT_PROJECT_VERSION = 1;
				DEVELOPMENT_ASSET_PATHS = "\"MELI/Preview Content\"";
				DEVELOPMENT_TEAM = D4W3226HQ5;
				ENABLE_PREVIEWS = YES;
				GENERATE_INFOPLIST_FILE = YES;
				INFOPLIST_FILE = MELI/Info.plist;
				INFOPLIST_KEY_UIApplicationSceneManifest_Generation = YES;
				INFOPLIST_KEY_UIApplicationSupportsIndirectInputEvents = YES;
				INFOPLIST_KEY_UILaunchScreen_Generation = YES;
				INFOPLIST_KEY_UISupportedInterfaceOrientations_iPad = "UIInterfaceOrientationPortrait UIInterfaceOrientationPortraitUpsideDown UIInterfaceOrientationLandscapeLeft UIInterfaceOrientationLandscapeRight";
				INFOPLIST_KEY_UISupportedInterfaceOrientations_iPhone = "UIInterfaceOrientationPortrait UIInterfaceOrientationLandscapeLeft UIInterfaceOrientationLandscapeRight";
				LD_RUNPATH_SEARCH_PATHS = (
					"$(inherited)",
					"@executable_path/Frameworks",
				);
				MARKETING_VERSION = 1.0;
				PRODUCT_BUNDLE_IDENTIFIER = com.thonnygeek.MELI;
				PRODUCT_NAME = "$(TARGET_NAME)";
				SWIFT_EMIT_LOC_STRINGS = YES;
				SWIFT_VERSION = 5.0;
				TARGETED_DEVICE_FAMILY = "1,2";
			};
			name = Debug;
		};
		851A70B92B8EBE830009A488 /* Release */ = {
			isa = XCBuildConfiguration;
			buildSettings = {
				ASSETCATALOG_COMPILER_APPICON_NAME = AppIcon;
				ASSETCATALOG_COMPILER_GLOBAL_ACCENT_COLOR_NAME = AccentColor;
				CODE_SIGN_STYLE = Automatic;
				CURRENT_PROJECT_VERSION = 1;
				DEVELOPMENT_ASSET_PATHS = "\"MELI/Preview Content\"";
				DEVELOPMENT_TEAM = D4W3226HQ5;
				ENABLE_PREVIEWS = YES;
				GENERATE_INFOPLIST_FILE = YES;
				INFOPLIST_FILE = MELI/Info.plist;
				INFOPLIST_KEY_UIApplicationSceneManifest_Generation = YES;
				INFOPLIST_KEY_UIApplicationSupportsIndirectInputEvents = YES;
				INFOPLIST_KEY_UILaunchScreen_Generation = YES;
				INFOPLIST_KEY_UISupportedInterfaceOrientations_iPad = "UIInterfaceOrientationPortrait UIInterfaceOrientationPortraitUpsideDown UIInterfaceOrientationLandscapeLeft UIInterfaceOrientationLandscapeRight";
				INFOPLIST_KEY_UISupportedInterfaceOrientations_iPhone = "UIInterfaceOrientationPortrait UIInterfaceOrientationLandscapeLeft UIInterfaceOrientationLandscapeRight";
				LD_RUNPATH_SEARCH_PATHS = (
					"$(inherited)",
					"@executable_path/Frameworks",
				);
				MARKETING_VERSION = 1.0;
				PRODUCT_BUNDLE_IDENTIFIER = com.thonnygeek.MELI;
				PRODUCT_NAME = "$(TARGET_NAME)";
				SWIFT_EMIT_LOC_STRINGS = YES;
				SWIFT_VERSION = 5.0;
				TARGETED_DEVICE_FAMILY = "1,2";
			};
			name = Release;
		};
		851A70BB2B8EBE830009A488 /* Debug */ = {
			isa = XCBuildConfiguration;
			buildSettings = {
				ALWAYS_EMBED_SWIFT_STANDARD_LIBRARIES = YES;
				BUNDLE_LOADER = "$(TEST_HOST)";
				CODE_SIGN_STYLE = Automatic;
				CURRENT_PROJECT_VERSION = 1;
				DEVELOPMENT_TEAM = D4W3226HQ5;
				GENERATE_INFOPLIST_FILE = YES;
				IPHONEOS_DEPLOYMENT_TARGET = 17.2;
				MARKETING_VERSION = 1.0;
				PRODUCT_BUNDLE_IDENTIFIER = com.thonnygeek.MELITests;
				PRODUCT_NAME = "$(TARGET_NAME)";
				SWIFT_EMIT_LOC_STRINGS = NO;
				SWIFT_VERSION = 5.0;
				TARGETED_DEVICE_FAMILY = "1,2";
				TEST_HOST = "$(BUILT_PRODUCTS_DIR)/MELI.app/$(BUNDLE_EXECUTABLE_FOLDER_PATH)/MELI";
			};
			name = Debug;
		};
		851A70BC2B8EBE830009A488 /* Release */ = {
			isa = XCBuildConfiguration;
			buildSettings = {
				ALWAYS_EMBED_SWIFT_STANDARD_LIBRARIES = YES;
				BUNDLE_LOADER = "$(TEST_HOST)";
				CODE_SIGN_STYLE = Automatic;
				CURRENT_PROJECT_VERSION = 1;
				DEVELOPMENT_TEAM = D4W3226HQ5;
				GENERATE_INFOPLIST_FILE = YES;
				IPHONEOS_DEPLOYMENT_TARGET = 17.2;
				MARKETING_VERSION = 1.0;
				PRODUCT_BUNDLE_IDENTIFIER = com.thonnygeek.MELITests;
				PRODUCT_NAME = "$(TARGET_NAME)";
				SWIFT_EMIT_LOC_STRINGS = NO;
				SWIFT_VERSION = 5.0;
				TARGETED_DEVICE_FAMILY = "1,2";
				TEST_HOST = "$(BUILT_PRODUCTS_DIR)/MELI.app/$(BUNDLE_EXECUTABLE_FOLDER_PATH)/MELI";
			};
			name = Release;
		};
		851A70BE2B8EBE830009A488 /* Debug */ = {
			isa = XCBuildConfiguration;
			buildSettings = {
				ALWAYS_EMBED_SWIFT_STANDARD_LIBRARIES = YES;
				CODE_SIGN_STYLE = Automatic;
				CURRENT_PROJECT_VERSION = 1;
				DEVELOPMENT_TEAM = D4W3226HQ5;
				GENERATE_INFOPLIST_FILE = YES;
				MARKETING_VERSION = 1.0;
				PRODUCT_BUNDLE_IDENTIFIER = com.thonnygeek.MELIUITests;
				PRODUCT_NAME = "$(TARGET_NAME)";
				SWIFT_EMIT_LOC_STRINGS = NO;
				SWIFT_VERSION = 5.0;
				TARGETED_DEVICE_FAMILY = "1,2";
				TEST_TARGET_NAME = MELI;
			};
			name = Debug;
		};
		851A70BF2B8EBE830009A488 /* Release */ = {
			isa = XCBuildConfiguration;
			buildSettings = {
				ALWAYS_EMBED_SWIFT_STANDARD_LIBRARIES = YES;
				CODE_SIGN_STYLE = Automatic;
				CURRENT_PROJECT_VERSION = 1;
				DEVELOPMENT_TEAM = D4W3226HQ5;
				GENERATE_INFOPLIST_FILE = YES;
				MARKETING_VERSION = 1.0;
				PRODUCT_BUNDLE_IDENTIFIER = com.thonnygeek.MELIUITests;
				PRODUCT_NAME = "$(TARGET_NAME)";
				SWIFT_EMIT_LOC_STRINGS = NO;
				SWIFT_VERSION = 5.0;
				TARGETED_DEVICE_FAMILY = "1,2";
				TEST_TARGET_NAME = MELI;
			};
			name = Release;
		};
/* End XCBuildConfiguration section */

/* Begin XCConfigurationList section */
		851A70892B8EBE820009A488 /* Build configuration list for PBXProject "MELI" */ = {
			isa = XCConfigurationList;
			buildConfigurations = (
				851A70B52B8EBE830009A488 /* Debug */,
				851A70B62B8EBE830009A488 /* Release */,
			);
			defaultConfigurationIsVisible = 0;
			defaultConfigurationName = Release;
		};
		851A70B72B8EBE830009A488 /* Build configuration list for PBXNativeTarget "MELI" */ = {
			isa = XCConfigurationList;
			buildConfigurations = (
				851A70B82B8EBE830009A488 /* Debug */,
				851A70B92B8EBE830009A488 /* Release */,
			);
			defaultConfigurationIsVisible = 0;
			defaultConfigurationName = Release;
		};
		851A70BA2B8EBE830009A488 /* Build configuration list for PBXNativeTarget "MELITests" */ = {
			isa = XCConfigurationList;
			buildConfigurations = (
				851A70BB2B8EBE830009A488 /* Debug */,
				851A70BC2B8EBE830009A488 /* Release */,
			);
			defaultConfigurationIsVisible = 0;
			defaultConfigurationName = Release;
		};
		851A70BD2B8EBE830009A488 /* Build configuration list for PBXNativeTarget "MELIUITests" */ = {
			isa = XCConfigurationList;
			buildConfigurations = (
				851A70BE2B8EBE830009A488 /* Debug */,
				851A70BF2B8EBE830009A488 /* Release */,
			);
			defaultConfigurationIsVisible = 0;
			defaultConfigurationName = Release;
		};
/* End XCConfigurationList section */

/* Begin XCVersionGroup section */
		851A709C2B8EBE830009A488 /* MELI.xcdatamodeld */ = {
			isa = XCVersionGroup;
			children = (
				851A709D2B8EBE830009A488 /* MELI.xcdatamodel */,
			);
			currentVersion = 851A709D2B8EBE830009A488 /* MELI.xcdatamodel */;
			path = MELI.xcdatamodeld;
			sourceTree = "<group>";
			versionGroupType = wrapper.xcdatamodel;
		};
/* End XCVersionGroup section */
	};
	rootObject = 851A70862B8EBE820009A488 /* Project object */;
}
